
Microsoft Visual Studio Solution File, Format Version 12.00
# Visual Studio Version 16
VisualStudioVersion = 16.0.29424.173
MinimumVisualStudioVersion = 10.0.40219.1
Project("{9A19103F-16F7-4668-BE54-9A1E7A4F7556}") = "ConceptsApi", "ConceptsApi\ConceptsApi.csproj", "{203D9D61-EBD0-4951-8D07-8E1939C3965A}"
EndProject
Project("{9A19103F-16F7-4668-BE54-9A1E7A4F7556}") = "DataAccessLayer", "..\DataAccessLayer\DataAccessLayer\DataAccessLayer.csproj", "{0EF99AB9-A881-4230-A7FB-97E6769CB42D}"
EndProject
Global
	GlobalSection(SolutionConfigurationPlatforms) = preSolution
		Debug|Any CPU = Debug|Any CPU
		Release|Any CPU = Release|Any CPU
	EndGlobalSection
	GlobalSection(ProjectConfigurationPlatforms) = postSolution
		{203D9D61-EBD0-4951-8D07-8E1939C3965A}.Debug|Any CPU.ActiveCfg = Debug|Any CPU
		{203D9D61-EBD0-4951-8D07-8E1939C3965A}.Debug|Any CPU.Build.0 = Debug|Any CPU
		{203D9D61-EBD0-4951-8D07-8E1939C3965A}.Release|Any CPU.ActiveCfg = Release|Any CPU
		{203D9D61-EBD0-4951-8D07-8E1939C3965A}.Release|Any CPU.Build.0 = Release|Any CPU
		{0EF99AB9-A881-4230-A7FB-97E6769CB42D}.Debug|Any CPU.ActiveCfg = Debug|Any CPU
		{0EF99AB9-A881-4230-A7FB-97E6769CB42D}.Debug|Any CPU.Build.0 = Debug|Any CPU
		{0EF99AB9-A881-4230-A7FB-97E6769CB42D}.Release|Any CPU.ActiveCfg = Release|Any CPU
		{0EF99AB9-A881-4230-A7FB-97E6769CB42D}.Release|Any CPU.Build.0 = Release|Any CPU
	EndGlobalSection
	GlobalSection(SolutionProperties) = preSolution
		HideSolutionNode = FALSE
	EndGlobalSection
	GlobalSection(ExtensibilityGlobals) = postSolution
		SolutionGuid = {DDA3DAF0-A142-45AB-BD64-76CD884343EB}
	EndGlobalSection
EndGlobal
